
Microsoft Visual Studio Solution File, Format Version 12.00
# Visual Studio Version 16
VisualStudioVersion = 16.0.30225.117
MinimumVisualStudioVersion = 10.0.40219.1
Project("{FAE04EC0-301F-11D3-BF4B-00C04F79EFBC}") = "ContosoApp", "ContosoApp\ContosoApp.csproj", "{2919DD62-FB2D-4050-A7EB-F870224C65FF}"
EndProject
Global
	GlobalSection(SolutionConfigurationPlatforms) = preSolution
		Debug|Any CPU = Debug|Any CPU
		Release|Any CPU = Release|Any CPU
	EndGlobalSection
	GlobalSection(ProjectConfigurationPlatforms) = postSolution
		{2919DD62-FB2D-4050-A7EB-F870224C65FF}.Debug|Any CPU.ActiveCfg = Debug|Any CPU
		{2919DD62-FB2D-4050-A7EB-F870224C65FF}.Debug|Any CPU.Build.0 = Debug|Any CPU
		{2919DD62-FB2D-4050-A7EB-F870224C65FF}.Release|Any CPU.ActiveCfg = Release|Any CPU
		{2919DD62-FB2D-4050-A7EB-F870224C65FF}.Release|Any CPU.Build.0 = Release|Any CPU
	EndGlobalSection
	GlobalSection(SolutionProperties) = preSolution
		HideSolutionNode = FALSE
	EndGlobalSection
	GlobalSection(ExtensibilityGlobals) = postSolution
		SolutionGuid = {66FF5369-0D6E-4086-AF7E-6572DC20F083}
	EndGlobalSection
EndGlobal
